// !$*UTF8*$!
{
	archiveVersion = 1;
	classes = {
	};
	objectVersion = 48;
	objects = {

/* Begin PBXBuildFile section */
		03A08760209CDF4600905091 /* Apple.png in Resources */ = {isa = PBXBuildFile; fileRef = 03A0875F209CDF4600905091 /* Apple.png */; };
		03C54297209C9EFD00449587 /* AppDelegate.swift in Sources */ = {isa = PBXBuildFile; fileRef = 03C54296209C9EFD00449587 /* AppDelegate.swift */; };
		03C54299209C9EFD00449587 /* ViewController.swift in Sources */ = {isa = PBXBuildFile; fileRef = 03C54298209C9EFD00449587 /* ViewController.swift */; };
		03C5429C209C9EFD00449587 /* Main.storyboard in Resources */ = {isa = PBXBuildFile; fileRef = 03C5429A209C9EFD00449587 /* Main.storyboard */; };
		03C5429E209C9EFD00449587 /* Assets.xcassets in Resources */ = {isa = PBXBuildFile; fileRef = 03C5429D209C9EFD00449587 /* Assets.xcassets */; };
		03C542A1209C9EFD00449587 /* LaunchScreen.storyboard in Resources */ = {isa = PBXBuildFile; fileRef = 03C5429F209C9EFD00449587 /* LaunchScreen.storyboard */; };
/* End PBXBuildFile section */

/* Begin PBXFileReference section */
		03A0875F209CDF4600905091 /* Apple.png */ = {isa = PBXFileReference; lastKnownFileType = image.png; name = Apple.png; path = Assets.xcassets/Apple.imageset/Apple.png; sourceTree = "<group>"; };
		03A08761209CE15600905091 /* LocalNotificationTest.entitlements */ = {isa = PBXFileReference; lastKnownFileType = text.plist.entitlements; path = LocalNotificationTest.entitlements; sourceTree = "<group>"; };
		03C54293209C9EFD00449587 /* LocalNotificationTest.app */ = {isa = PBXFileReference; explicitFileType = wrapper.application; includeInIndex = 0; path = LocalNotificationTest.app; sourceTree = BUILT_PRODUCTS_DIR; };
		03C54296209C9EFD00449587 /* AppDelegate.swift */ = {isa = PBXFileReference; lastKnownFileType = sourcecode.swift; path = AppDelegate.swift; sourceTree = "<group>"; };
		03C54298209C9EFD00449587 /* ViewController.swift */ = {isa = PBXFileReference; lastKnownFileType = sourcecode.swift; path = ViewController.swift; sourceTree = "<group>"; };
		03C5429B209C9EFD00449587 /* Base */ = {isa = PBXFileReference; lastKnownFileType = file.storyboard; name = Base; path = Base.lproj/Main.storyboard; sourceTree = "<group>"; };
		03C5429D209C9EFD00449587 /* Assets.xcassets */ = {isa = PBXFileReference; lastKnownFileType = folder.assetcatalog; path = Assets.xcassets; sourceTree = "<group>"; };
		03C542A0209C9EFD00449587 /* Base */ = {isa = PBXFileReference; lastKnownFileType = file.storyboard; name = Base; path = Base.lproj/LaunchScreen.storyboard; sourceTree = "<group>"; };
		03C542A2209C9EFD00449587 /* Info.plist */ = {isa = PBXFileReference; lastKnownFileType = text.plist.xml; path = Info.plist; sourceTree = "<group>"; };
/* End PBXFileReference section */

/* Begin PBXFrameworksBuildPhase section */
		03C54290209C9EFD00449587 /* Frameworks */ = {
			isa = PBXFrameworksBuildPhase;
			buildActionMask = 2147483647;
			files = (
			);
			runOnlyForDeploymentPostprocessing = 0;
		};
/* End PBXFrameworksBuildPhase section */

/* Begin PBXGroup section */
		03C5428A209C9EFD00449587 = {
			isa = PBXGroup;
			children = (
				03C54295209C9EFD00449587 /* LocalNotificationTest */,
				03C54294209C9EFD00449587 /* Products */,
			);
			sourceTree = "<group>";
		};
		03C54294209C9EFD00449587 /* Products */ = {
			isa = PBXGroup;
			children = (
				03C54293209C9EFD00449587 /* LocalNotificationTest.app */,
			);
			name = Products;
			sourceTree = "<group>";
		};
		03C54295209C9EFD00449587 /* LocalNotificationTest */ = {
			isa = PBXGroup;
			children = (
				03A08761209CE15600905091 /* LocalNotificationTest.entitlements */,
				03A0875F209CDF4600905091 /* Apple.png */,
				03C54296209C9EFD00449587 /* AppDelegate.swift */,
				03C54298209C9EFD00449587 /* ViewController.swift */,
				03C5429A209C9EFD00449587 /* Main.storyboard */,
				03C5429D209C9EFD00449587 /* Assets.xcassets */,
				03C5429F209C9EFD00449587 /* LaunchScreen.storyboard */,
				03C542A2209C9EFD00449587 /* Info.plist */,
			);
			path = LocalNotificationTest;
			sourceTree = "<group>";
		};
/* End PBXGroup section */

/* Begin PBXNativeTarget section */
		03C54292209C9EFD00449587 /* LocalNotificationTest */ = {
			isa = PBXNativeTarget;
			buildConfigurationList = 03C542A5209C9EFD00449587 /* Build configuration list for PBXNativeTarget "LocalNotificationTest" */;
			buildPhases = (
				03C5428F209C9EFD00449587 /* Sources */,
				03C54290209C9EFD00449587 /* Frameworks */,
				03C54291209C9EFD00449587 /* Resources */,
			);
			buildRules = (
			);
			dependencies = (
			);
			name = LocalNotificationTest;
			productName = LocalNotificationTest;
			productReference = 03C54293209C9EFD00449587 /* LocalNotificationTest.app */;
			productType = "com.apple.product-type.application";
		};
/* End PBXNativeTarget section */

/* Begin PBXProject section */
		03C5428B209C9EFD00449587 /* Project object */ = {
			isa = PBXProject;
			attributes = {
				LastSwiftUpdateCheck = 0920;
				LastUpgradeCheck = 0920;
				ORGANIZATIONNAME = EquipeSuporteAplicacao;
				TargetAttributes = {
					03C54292209C9EFD00449587 = {
						CreatedOnToolsVersion = 9.2;
						ProvisioningStyle = Automatic;
						SystemCapabilities = {
							com.apple.Push = {
								enabled = 1;
							};
						};
					};
				};
			};
			buildConfigurationList = 03C5428E209C9EFD00449587 /* Build configuration list for PBXProject "LocalNotificationTest" */;
			compatibilityVersion = "Xcode 8.0";
			developmentRegion = en;
			hasScannedForEncodings = 0;
			knownRegions = (
				en,
				Base,
			);
			mainGroup = 03C5428A209C9EFD00449587;
			productRefGroup = 03C54294209C9EFD00449587 /* Products */;
			projectDirPath = "";
			projectRoot = "";
			targets = (
				03C54292209C9EFD00449587 /* LocalNotificationTest */,
			);
		};
/* End PBXProject section */

/* Begin PBXResourcesBuildPhase section */
		03C54291209C9EFD00449587 /* Resources */ = {
			isa = PBXResourcesBuildPhase;
			buildActionMask = 2147483647;
			files = (
				03C542A1209C9EFD00449587 /* LaunchScreen.storyboard in Resources */,
				03C5429E209C9EFD00449587 /* Assets.xcassets in Resources */,
				03A08760209CDF4600905091 /* Apple.png in Resources */,
				03C5429C209C9EFD00449587 /* Main.storyboard in Resources */,
			);
			runOnlyForDeploymentPostprocessing = 0;
		};
/* End PBXResourcesBuildPhase section */

/* Begin PBXSourcesBuildPhase section */
		03C5428F209C9EFD00449587 /* Sources */ = {
			isa = PBXSourcesBuildPhase;
			buildActionMask = 2147483647;
			files = (
				03C54299209C9EFD00449587 /* ViewController.swift in Sources */,
				03C54297209C9EFD00449587 /* AppDelegate.swift in Sources */,
			);
			runOnlyForDeploymentPostprocessing = 0;
		};
/* End PBXSourcesBuildPhase section */

/* Begin PBXVariantGroup section */
		03C5429A209C9EFD00449587 /* Main.storyboard */ = {
			isa = PBXVariantGroup;
			children = (
				03C5429B209C9EFD00449587 /* Base */,
			);
			name = Main.storyboard;
			sourceTree = "<group>";
		};
		03C5429F209C9EFD00449587 /* LaunchScreen.storyboard */ = {
			isa = PBXVariantGroup;
			children = (
				03C542A0209C9EFD00449587 /* Base */,
			);
			name = LaunchScreen.storyboard;
			sourceTree = "<group>";
		};
/* End PBXVariantGroup section */

/* Begin XCBuildConfiguration section */
		03C542A3209C9EFD00449587 /* Debug */ = {
			isa = XCBuildConfiguration;
			buildSettings = {
				ALWAYS_SEARCH_USER_PATHS = NO;
				CLANG_ANALYZER_NONNULL = YES;
				CLANG_ANALYZER_NUMBER_OBJECT_CONVERSION = YES_AGGRESSIVE;
				CLANG_CXX_LANGUAGE_STANDARD = "gnu++14";
				CLANG_CXX_LIBRARY = "libc++";
				CLANG_ENABLE_MODULES = YES;
				CLANG_ENABLE_OBJC_ARC = YES;
				CLANG_WARN_BLOCK_CAPTURE_AUTORELEASING = YES;
				CLANG_WARN_BOOL_CONVERSION = YES;
				CLANG_WARN_COMMA = YES;
				CLANG_WARN_CONSTANT_CONVERSION = YES;
				CLANG_WARN_DIRECT_OBJC_ISA_USAGE = YES_ERROR;
				CLANG_WARN_DOCUMENTATION_COMMENTS = YES;
				CLANG_WARN_EMPTY_BODY = YES;
				CLANG_WARN_ENUM_CONVERSION = YES;
				CLANG_WARN_INFINITE_RECURSION = YES;
				CLANG_WARN_INT_CONVERSION = YES;
				CLANG_WARN_NON_LITERAL_NULL_CONVERSION = YES;
				CLANG_WARN_OBJC_LITERAL_CONVERSION = YES;
				CLANG_WARN_OBJC_ROOT_CLASS = YES_ERROR;
				CLANG_WARN_RANGE_LOOP_ANALYSIS = YES;
				CLANG_WARN_STRICT_PROTOTYPES = YES;
				CLANG_WARN_SUSPICIOUS_MOVE = YES;
				CLANG_WARN_UNGUARDED_AVAILABILITY = YES_AGGRESSIVE;
				CLANG_WARN_UNREACHABLE_CODE = YES;
				CLANG_WARN__DUPLICATE_METHOD_MATCH = YES;
				CODE_SIGN_IDENTITY = "iPhone Developer";
				COPY_PHASE_STRIP = NO;
				DEBUG_INFORMATION_FORMAT = dwarf;
				ENABLE_STRICT_OBJC_MSGSEND = YES;
				ENABLE_TESTABILITY = YES;
				GCC_C_LANGUAGE_STANDARD = gnu11;
				GCC_DYNAMIC_NO_PIC = NO;
				GCC_NO_COMMON_BLOCKS = YES;
				GCC_OPTIMIZATION_LEVEL = 0;
				GCC_PREPROCESSOR_DEFINITIONS = (
					"DEBUG=1",
					"$(inherited)",
				);
				GCC_WARN_64_TO_32_BIT_CONVERSION = YES;
				GCC_WARN_ABOUT_RETURN_TYPE = YES_ERROR;
				GCC_WARN_UNDECLARED_SELECTOR = YES;
				GCC_WARN_UNINITIALIZED_AUTOS = YES_AGGRESSIVE;
				GCC_WARN_UNUSED_FUNCTION = YES;
				GCC_WARN_UNUSED_VARIABLE = YES;
				IPHONEOS_DEPLOYMENT_TARGET = 11.2;
				MTL_ENABLE_DEBUG_INFO = YES;
				ONLY_ACTIVE_ARCH = YES;
				SDKROOT = iphoneos;
				SWIFT_ACTIVE_COMPILATION_CONDITIONS = DEBUG;
				SWIFT_OPTIMIZATION_LEVEL = "-Onone";
			};
			name = Debug;
		};
		03C542A4209C9EFD00449587 /* Release */ = {
			isa = XCBuildConfiguration;
			buildSettings = {
				ALWAYS_SEARCH_USER_PATHS = NO;
				CLANG_ANALYZER_NONNULL = YES;
				CLANG_ANALYZER_NUMBER_OBJECT_CONVERSION = YES_AGGRESSIVE;
				CLANG_CXX_LANGUAGE_STANDARD = "gnu++14";
				CLANG_CXX_LIBRARY = "libc++";
				CLANG_ENABLE_MODULES = YES;
				CLANG_ENABLE_OBJC_ARC = YES;
				CLANG_WARN_BLOCK_CAPTURE_AUTORELEASING = YES;
				CLANG_WARN_BOOL_CONVERSION = YES;
				CLANG_WARN_COMMA = YES;
				CLANG_WARN_CONSTANT_CONVERSION = YES;
				CLANG_WARN_DIRECT_OBJC_ISA_USAGE = YES_ERROR;
				CLANG_WARN_DOCUMENTATION_COMMENTS = YES;
				CLANG_WARN_EMPTY_BODY = YES;
				CLANG_WARN_ENUM_CONVERSION = YES;
				CLANG_WARN_INFINITE_RECURSION = YES;
				CLANG_WARN_INT_CONVERSION = YES;
				CLANG_WARN_NON_LITERAL_NULL_CONVERSION = YES;
				CLANG_WARN_OBJC_LITERAL_CONVERSION = YES;
				CLANG_WARN_OBJC_ROOT_CLASS = YES_ERROR;
				CLANG_WARN_RANGE_LOOP_ANALYSIS = YES;
				CLANG_WARN_STRICT_PROTOTYPES = YES;
				CLANG_WARN_SUSPICIOUS_MOVE = YES;
				CLANG_WARN_UNGUARDED_AVAILABILITY = YES_AGGRESSIVE;
				CLANG_WARN_UNREACHABLE_CODE = YES;
				CLANG_WARN__DUPLICATE_METHOD_MATCH = YES;
				CODE_SIGN_IDENTITY = "iPhone Developer";
				COPY_PHASE_STRIP = NO;
				DEBUG_INFORMATION_FORMAT = "dwarf-with-dsym";
				ENABLE_NS_ASSERTIONS = NO;
				ENABLE_STRICT_OBJC_MSGSEND = YES;
				GCC_C_LANGUAGE_STANDARD = gnu11;
				GCC_NO_COMMON_BLOCKS = YES;
				GCC_WARN_64_TO_32_BIT_CONVERSION = YES;
				GCC_WARN_ABOUT_RETURN_TYPE = YES_ERROR;
				GCC_WARN_UNDECLARED_SELECTOR = YES;
				GCC_WARN_UNINITIALIZED_AUTOS = YES_AGGRESSIVE;
				GCC_WARN_UNUSED_FUNCTION = YES;
				GCC_WARN_UNUSED_VARIABLE = YES;
				IPHONEOS_DEPLOYMENT_TARGET = 11.2;
				MTL_ENABLE_DEBUG_INFO = NO;
				SDKROOT = iphoneos;
				SWIFT_OPTIMIZATION_LEVEL = "-Owholemodule";
				VALIDATE_PRODUCT = YES;
			};
			name = Release;
		};
		03C542A6209C9EFD00449587 /* Debug */ = {
			isa = XCBuildConfiguration;
			buildSettings = {
				ASSETCATALOG_COMPILER_APPICON_NAME = AppIcon;
				CODE_SIGN_ENTITLEMENTS = LocalNotificationTest/LocalNotificationTest.entitlements;
				CODE_SIGN_STYLE = Automatic;
				DEVELOPMENT_TEAM = 3TS7T7V375;
				INFOPLIST_FILE = LocalNotificationTest/Info.plist;
				LD_RUNPATH_SEARCH_PATHS = "$(inherited) @executable_path/Frameworks";
				PRODUCT_BUNDLE_IDENTIFIER = "-";
				PRODUCT_NAME = "$(TARGET_NAME)";
				SWIFT_VERSION = 4.0;
				TARGETED_DEVICE_FAMILY = "1,2";
			};
			name = Debug;
		};
		03C542A7209C9EFD00449587 /* Release */ = {
			isa = XCBuildConfiguration;
			buildSettings = {
				ASSETCATALOG_COMPILER_APPICON_NAME = AppIcon;
				CODE_SIGN_ENTITLEMENTS = LocalNotificationTest/LocalNotificationTest.entitlements;
				CODE_SIGN_STYLE = Automatic;
				DEVELOPMENT_TEAM = 3TS7T7V375;
				INFOPLIST_FILE = LocalNotificationTest/Info.plist;
				LD_RUNPATH_SEARCH_PATHS = "$(inherited) @executable_path/Frameworks";
				PRODUCT_BUNDLE_IDENTIFIER = "-";
				PRODUCT_NAME = "$(TARGET_NAME)";
				SWIFT_VERSION = 4.0;
				TARGETED_DEVICE_FAMILY = "1,2";
			};
			name = Release;
		};
/* End XCBuildConfiguration section */

/* Begin XCConfigurationList section */
		03C5428E209C9EFD00449587 /* Build configuration list for PBXProject "LocalNotificationTest" */ = {
			isa = XCConfigurationList;
			buildConfigurations = (
				03C542A3209C9EFD00449587 /* Debug */,
				03C542A4209C9EFD00449587 /* Release */,
			);
			defaultConfigurationIsVisible = 0;
			defaultConfigurationName = Release;
		};
		03C542A5209C9EFD00449587 /* Build configuration list for PBXNativeTarget "LocalNotificationTest" */ = {
			isa = XCConfigurationList;
			buildConfigurations = (
				03C542A6209C9EFD00449587 /* Debug */,
				03C542A7209C9EFD00449587 /* Release */,
			);
			defaultConfigurationIsVisible = 0;
			defaultConfigurationName = Release;
		};
/* End XCConfigurationList section */
	};
	rootObject = 03C5428B209C9EFD00449587 /* Project object */;
}
